
Microsoft Visual Studio Solution File, Format Version 12.00
# Visual Studio Version 17
VisualStudioVersion = 17.0.31903.59
MinimumVisualStudioVersion = 10.0.40219.1
Project("{FAE04EC0-301F-11D3-BF4B-00C04F79EFBC}") = "BBTT.ApiService", "BBTT\BBTT.ApiService\BBTT.ApiService.csproj", "{8E18EF7F-3A7C-48A7-BB5D-F2027CC8BBD8}"
EndProject
Project("{FAE04EC0-301F-11D3-BF4B-00C04F79EFBC}") = "BBTT.AppHost", "BBTT\BBTT.AppHost\BBTT.AppHost.csproj", "{3EC33666-229F-4E2C-B2BE-96B34DAE1706}"
EndProject
Project("{FAE04EC0-301F-11D3-BF4B-00C04F79EFBC}") = "BBTT.ServiceDefaults", "BBTT\BBTT.ServiceDefaults\BBTT.ServiceDefaults.csproj", "{B6CD0C69-9FED-4715-9B65-AA6C506C6EF8}"
EndProject
Project("{FAE04EC0-301F-11D3-BF4B-00C04F79EFBC}") = "BBTT.Tests", "BBTT\BBTT.Tests\BBTT.Tests.csproj", "{F4B235BD-6A46-4097-8E0D-18EF1F530B57}"
EndProject
Project("{FAE04EC0-301F-11D3-BF4B-00C04F79EFBC}") = "BBTT.Web", "BBTT\BBTT.Web\BBTT.Web.csproj", "{31B7EDCB-E749-4D01-A40A-E8BAA930DEA4}"
EndProject
Project("{2150E333-8FDC-42A3-9474-1A3956D46DE8}") = "Benchmarking", "Benchmarking", "{78F3005F-469A-4D69-A6CF-BDA271B3CAEB}"
EndProject
Project("{2150E333-8FDC-42A3-9474-1A3956D46DE8}") = "Database", "Database", "{4F3A83FE-60CD-4027-B4BD-004A8AFAC3B4}"
EndProject
Project("{FAE04EC0-301F-11D3-BF4B-00C04F79EFBC}") = "BBTT.BenchMarkingConsole", "BBTT\BBTT.BenchMarkingConsole\BBTT.BenchMarkingConsole.csproj", "{BF4B506D-B3E5-479B-A17A-B63244CB2098}"
EndProject
Project("{2150E333-8FDC-42A3-9474-1A3956D46DE8}") = "Solution Items", "Solution Items", "{5B143B4A-F950-4623-B614-3546A8C7BC0B}"
	ProjectSection(SolutionItems) = preProject
		BBTT\.editorconfig = BBTT\.editorconfig
		BBTT\MainRules.ruleset = BBTT\MainRules.ruleset
	EndProjectSection
EndProject
Project("{2150E333-8FDC-42A3-9474-1A3956D46DE8}") = "Tests", "Tests", "{77505B85-2178-44AD-BE1C-5B645385CEED}"
EndProject
Project("{FAE04EC0-301F-11D3-BF4B-00C04F79EFBC}") = "BBTT.BenchmarkClassCrossword", "BBTT\BBTT.BenchmarkClassCrossword\BBTT.BenchmarkClassCrossword.csproj", "{44BDA514-32B2-4246-8286-469A4C9F24BE}"
EndProject
Project("{2150E333-8FDC-42A3-9474-1A3956D46DE8}") = "Shared", "Shared", "{A2607A1B-89F0-4CF9-A7D4-9D08AF0EC617}"
EndProject
Project("{FAE04EC0-301F-11D3-BF4B-00C04F79EFBC}") = "BBTT.SharedClasses", "BBTT\BBTT.SharedClasses\BBTT.SharedClasses.csproj", "{399C9769-645C-4647-879B-FD5954105F32}"
EndProject
Project("{2150E333-8FDC-42A3-9474-1A3956D46DE8}") = "Crossword", "Crossword", "{92C5D25B-B91F-45AA-81E7-2D7221E90F91}"
EndProject
Project("{FAE04EC0-301F-11D3-BF4B-00C04F79EFBC}") = "BBTT.CrosswordAPI", "BBTT\BBTT.CrosswordAPI\BBTT.CrosswordAPI.csproj", "{DD172463-3466-4F77-BC1E-13E309A73589}"
EndProject
Project("{FAE04EC0-301F-11D3-BF4B-00C04F79EFBC}") = "BBTT.CrosswordModel", "BBTT\BBTT.CrosswordModel\BBTT.CrosswordModel.csproj", "{ED1E3C5E-98A6-4EAE-8721-980FED497E52}"
EndProject
Project("{FAE04EC0-301F-11D3-BF4B-00C04F79EFBC}") = "BBTT.CrosswordCore", "BBTT\BBTT.CrosswordCore\BBTT.CrosswordCore.csproj", "{A8BB6FA2-DF96-44AE-8F92-28871886A141}"
EndProject
Project("{FAE04EC0-301F-11D3-BF4B-00C04F79EFBC}") = "BBTT.DataApi", "BBTT\BBTT.DataApi\BBTT.DataApi.csproj", "{4CD497A2-B671-4CD2-B60A-2C4AAA9C3BA0}"
EndProject
Project("{FAE04EC0-301F-11D3-BF4B-00C04F79EFBC}") = "BBTT.DBPostgres", "BBTT\BBTT.DBPostgres\BBTT.DBPostgres.csproj", "{51073A59-C0A7-47EB-9BD8-B6B75CCA06B2}"
EndProject
Project("{FAE04EC0-301F-11D3-BF4B-00C04F79EFBC}") = "BBTT.DBModels", "BBTT\BBTT.DBModels\BBTT.DBModels.csproj", "{3EA99F0B-0555-428D-9663-E3A0420F7FBB}"
EndProject
Global
	GlobalSection(SolutionConfigurationPlatforms) = preSolution
		Debug|Any CPU = Debug|Any CPU
		Release|Any CPU = Release|Any CPU
	EndGlobalSection
	GlobalSection(ProjectConfigurationPlatforms) = postSolution
		{8E18EF7F-3A7C-48A7-BB5D-F2027CC8BBD8}.Debug|Any CPU.ActiveCfg = Debug|Any CPU
		{8E18EF7F-3A7C-48A7-BB5D-F2027CC8BBD8}.Debug|Any CPU.Build.0 = Debug|Any CPU
		{8E18EF7F-3A7C-48A7-BB5D-F2027CC8BBD8}.Release|Any CPU.ActiveCfg = Release|Any CPU
		{8E18EF7F-3A7C-48A7-BB5D-F2027CC8BBD8}.Release|Any CPU.Build.0 = Release|Any CPU
		{3EC33666-229F-4E2C-B2BE-96B34DAE1706}.Debug|Any CPU.ActiveCfg = Debug|Any CPU
		{3EC33666-229F-4E2C-B2BE-96B34DAE1706}.Debug|Any CPU.Build.0 = Debug|Any CPU
		{3EC33666-229F-4E2C-B2BE-96B34DAE1706}.Release|Any CPU.ActiveCfg = Release|Any CPU
		{3EC33666-229F-4E2C-B2BE-96B34DAE1706}.Release|Any CPU.Build.0 = Release|Any CPU
		{B6CD0C69-9FED-4715-9B65-AA6C506C6EF8}.Debug|Any CPU.ActiveCfg = Debug|Any CPU
		{B6CD0C69-9FED-4715-9B65-AA6C506C6EF8}.Debug|Any CPU.Build.0 = Debug|Any CPU
		{B6CD0C69-9FED-4715-9B65-AA6C506C6EF8}.Release|Any CPU.ActiveCfg = Release|Any CPU
		{B6CD0C69-9FED-4715-9B65-AA6C506C6EF8}.Release|Any CPU.Build.0 = Release|Any CPU
		{F4B235BD-6A46-4097-8E0D-18EF1F530B57}.Debug|Any CPU.ActiveCfg = Debug|Any CPU
		{F4B235BD-6A46-4097-8E0D-18EF1F530B57}.Debug|Any CPU.Build.0 = Debug|Any CPU
		{F4B235BD-6A46-4097-8E0D-18EF1F530B57}.Release|Any CPU.ActiveCfg = Release|Any CPU
		{F4B235BD-6A46-4097-8E0D-18EF1F530B57}.Release|Any CPU.Build.0 = Release|Any CPU
		{31B7EDCB-E749-4D01-A40A-E8BAA930DEA4}.Debug|Any CPU.ActiveCfg = Debug|Any CPU
		{31B7EDCB-E749-4D01-A40A-E8BAA930DEA4}.Debug|Any CPU.Build.0 = Debug|Any CPU
		{31B7EDCB-E749-4D01-A40A-E8BAA930DEA4}.Release|Any CPU.ActiveCfg = Release|Any CPU
		{31B7EDCB-E749-4D01-A40A-E8BAA930DEA4}.Release|Any CPU.Build.0 = Release|Any CPU
		{BF4B506D-B3E5-479B-A17A-B63244CB2098}.Debug|Any CPU.ActiveCfg = Debug|Any CPU
		{BF4B506D-B3E5-479B-A17A-B63244CB2098}.Debug|Any CPU.Build.0 = Debug|Any CPU
		{BF4B506D-B3E5-479B-A17A-B63244CB2098}.Release|Any CPU.ActiveCfg = Release|Any CPU
		{BF4B506D-B3E5-479B-A17A-B63244CB2098}.Release|Any CPU.Build.0 = Release|Any CPU
		{44BDA514-32B2-4246-8286-469A4C9F24BE}.Debug|Any CPU.ActiveCfg = Debug|Any CPU
		{44BDA514-32B2-4246-8286-469A4C9F24BE}.Debug|Any CPU.Build.0 = Debug|Any CPU
		{44BDA514-32B2-4246-8286-469A4C9F24BE}.Release|Any CPU.ActiveCfg = Release|Any CPU
		{44BDA514-32B2-4246-8286-469A4C9F24BE}.Release|Any CPU.Build.0 = Release|Any CPU
		{399C9769-645C-4647-879B-FD5954105F32}.Debug|Any CPU.ActiveCfg = Debug|Any CPU
		{399C9769-645C-4647-879B-FD5954105F32}.Debug|Any CPU.Build.0 = Debug|Any CPU
		{399C9769-645C-4647-879B-FD5954105F32}.Release|Any CPU.ActiveCfg = Release|Any CPU
		{399C9769-645C-4647-879B-FD5954105F32}.Release|Any CPU.Build.0 = Release|Any CPU
		{DD172463-3466-4F77-BC1E-13E309A73589}.Debug|Any CPU.ActiveCfg = Debug|Any CPU
		{DD172463-3466-4F77-BC1E-13E309A73589}.Debug|Any CPU.Build.0 = Debug|Any CPU
		{DD172463-3466-4F77-BC1E-13E309A73589}.Release|Any CPU.ActiveCfg = Release|Any CPU
		{DD172463-3466-4F77-BC1E-13E309A73589}.Release|Any CPU.Build.0 = Release|Any CPU
		{ED1E3C5E-98A6-4EAE-8721-980FED497E52}.Debug|Any CPU.ActiveCfg = Debug|Any CPU
		{ED1E3C5E-98A6-4EAE-8721-980FED497E52}.Debug|Any CPU.Build.0 = Debug|Any CPU
		{ED1E3C5E-98A6-4EAE-8721-980FED497E52}.Release|Any CPU.ActiveCfg = Release|Any CPU
		{ED1E3C5E-98A6-4EAE-8721-980FED497E52}.Release|Any CPU.Build.0 = Release|Any CPU
		{A8BB6FA2-DF96-44AE-8F92-28871886A141}.Debug|Any CPU.ActiveCfg = Debug|Any CPU
		{A8BB6FA2-DF96-44AE-8F92-28871886A141}.Debug|Any CPU.Build.0 = Debug|Any CPU
		{A8BB6FA2-DF96-44AE-8F92-28871886A141}.Release|Any CPU.ActiveCfg = Release|Any CPU
		{A8BB6FA2-DF96-44AE-8F92-28871886A141}.Release|Any CPU.Build.0 = Release|Any CPU
		{4CD497A2-B671-4CD2-B60A-2C4AAA9C3BA0}.Debug|Any CPU.ActiveCfg = Debug|Any CPU
		{4CD497A2-B671-4CD2-B60A-2C4AAA9C3BA0}.Debug|Any CPU.Build.0 = Debug|Any CPU
		{4CD497A2-B671-4CD2-B60A-2C4AAA9C3BA0}.Release|Any CPU.ActiveCfg = Release|Any CPU
		{4CD497A2-B671-4CD2-B60A-2C4AAA9C3BA0}.Release|Any CPU.Build.0 = Release|Any CPU
		{51073A59-C0A7-47EB-9BD8-B6B75CCA06B2}.Debug|Any CPU.ActiveCfg = Debug|Any CPU
		{51073A59-C0A7-47EB-9BD8-B6B75CCA06B2}.Debug|Any CPU.Build.0 = Debug|Any CPU
		{51073A59-C0A7-47EB-9BD8-B6B75CCA06B2}.Release|Any CPU.ActiveCfg = Release|Any CPU
		{51073A59-C0A7-47EB-9BD8-B6B75CCA06B2}.Release|Any CPU.Build.0 = Release|Any CPU
		{3EA99F0B-0555-428D-9663-E3A0420F7FBB}.Debug|Any CPU.ActiveCfg = Debug|Any CPU
		{3EA99F0B-0555-428D-9663-E3A0420F7FBB}.Debug|Any CPU.Build.0 = Debug|Any CPU
		{3EA99F0B-0555-428D-9663-E3A0420F7FBB}.Release|Any CPU.ActiveCfg = Release|Any CPU
		{3EA99F0B-0555-428D-9663-E3A0420F7FBB}.Release|Any CPU.Build.0 = Release|Any CPU
	EndGlobalSection
	GlobalSection(SolutionProperties) = preSolution
		HideSolutionNode = FALSE
	EndGlobalSection
	GlobalSection(NestedProjects) = preSolution
		{F4B235BD-6A46-4097-8E0D-18EF1F530B57} = {77505B85-2178-44AD-BE1C-5B645385CEED}
		{BF4B506D-B3E5-479B-A17A-B63244CB2098} = {78F3005F-469A-4D69-A6CF-BDA271B3CAEB}
		{44BDA514-32B2-4246-8286-469A4C9F24BE} = {78F3005F-469A-4D69-A6CF-BDA271B3CAEB}
		{399C9769-645C-4647-879B-FD5954105F32} = {A2607A1B-89F0-4CF9-A7D4-9D08AF0EC617}
		{DD172463-3466-4F77-BC1E-13E309A73589} = {92C5D25B-B91F-45AA-81E7-2D7221E90F91}
		{ED1E3C5E-98A6-4EAE-8721-980FED497E52} = {92C5D25B-B91F-45AA-81E7-2D7221E90F91}
		{A8BB6FA2-DF96-44AE-8F92-28871886A141} = {92C5D25B-B91F-45AA-81E7-2D7221E90F91}
		{4CD497A2-B671-4CD2-B60A-2C4AAA9C3BA0} = {4F3A83FE-60CD-4027-B4BD-004A8AFAC3B4}
		{51073A59-C0A7-47EB-9BD8-B6B75CCA06B2} = {4F3A83FE-60CD-4027-B4BD-004A8AFAC3B4}
		{3EA99F0B-0555-428D-9663-E3A0420F7FBB} = {4F3A83FE-60CD-4027-B4BD-004A8AFAC3B4}
	EndGlobalSection
EndGlobal
